
Microsoft Visual Studio Solution File, Format Version 12.00
# Visual Studio 14
VisualStudioVersion = 14.0.24720.0
MinimumVisualStudioVersion = 10.0.40219.1
Project("{FAE04EC0-301F-11D3-BF4B-00C04F79EFBC}") = "Gatherer", "Gatherer\Gatherer.csproj", "{D5B4DFAA-600F-4B97-9F63-673F581206AD}"
EndProject
Project("{FAE04EC0-301F-11D3-BF4B-00C04F79EFBC}") = "GathererWindowsWPF", "GathererWindowsWPF\GathererWindowsWPF.csproj", "{3EF368F1-725A-4E48-A1EF-B806697C96CE}"
EndProject
Global
	GlobalSection(SolutionConfigurationPlatforms) = preSolution
		Debug|Any CPU = Debug|Any CPU
		Release|Any CPU = Release|Any CPU
	EndGlobalSection
	GlobalSection(ProjectConfigurationPlatforms) = postSolution
		{D5B4DFAA-600F-4B97-9F63-673F581206AD}.Debug|Any CPU.ActiveCfg = Debug|Any CPU
		{D5B4DFAA-600F-4B97-9F63-673F581206AD}.Debug|Any CPU.Build.0 = Debug|Any CPU
		{D5B4DFAA-600F-4B97-9F63-673F581206AD}.Release|Any CPU.ActiveCfg = Release|Any CPU
		{D5B4DFAA-600F-4B97-9F63-673F581206AD}.Release|Any CPU.Build.0 = Release|Any CPU
		{3EF368F1-725A-4E48-A1EF-B806697C96CE}.Debug|Any CPU.ActiveCfg = Debug|Any CPU
		{3EF368F1-725A-4E48-A1EF-B806697C96CE}.Debug|Any CPU.Build.0 = Debug|Any CPU
		{3EF368F1-725A-4E48-A1EF-B806697C96CE}.Release|Any CPU.ActiveCfg = Release|Any CPU
		{3EF368F1-725A-4E48-A1EF-B806697C96CE}.Release|Any CPU.Build.0 = Release|Any CPU
	EndGlobalSection
	GlobalSection(SolutionProperties) = preSolution
		HideSolutionNode = FALSE
	EndGlobalSection
EndGlobal
